
Microsoft Visual Studio Solution File, Format Version 12.00
# Visual Studio 15
VisualStudioVersion = 15.0.26228.4
MinimumVisualStudioVersion = 10.0.40219.1
Project("{FAE04EC0-301F-11D3-BF4B-00C04F79EFBC}") = "HelloPowerOfTwo", "HelloPowerOfTwo\HelloPowerOfTwo.csproj", "{467CCAF3-61E7-46B4-8355-C47F8D822CCE}"
EndProject
Project("{9A19103F-16F7-4668-BE54-9A1E7A4F7556}") = "Common.Math", "Common.Math\Common.Math.csproj", "{437449A3-B9BD-426E-A886-75784B22475F}"
EndProject
Global
	GlobalSection(SolutionConfigurationPlatforms) = preSolution
		Debug|Any CPU = Debug|Any CPU
		Release|Any CPU = Release|Any CPU
	EndGlobalSection
	GlobalSection(ProjectConfigurationPlatforms) = postSolution
		{467CCAF3-61E7-46B4-8355-C47F8D822CCE}.Debug|Any CPU.ActiveCfg = Debug|Any CPU
		{467CCAF3-61E7-46B4-8355-C47F8D822CCE}.Debug|Any CPU.Build.0 = Debug|Any CPU
		{467CCAF3-61E7-46B4-8355-C47F8D822CCE}.Release|Any CPU.ActiveCfg = Release|Any CPU
		{467CCAF3-61E7-46B4-8355-C47F8D822CCE}.Release|Any CPU.Build.0 = Release|Any CPU
		{437449A3-B9BD-426E-A886-75784B22475F}.Debug|Any CPU.ActiveCfg = Debug|Any CPU
		{437449A3-B9BD-426E-A886-75784B22475F}.Debug|Any CPU.Build.0 = Debug|Any CPU
		{437449A3-B9BD-426E-A886-75784B22475F}.Release|Any CPU.ActiveCfg = Release|Any CPU
		{437449A3-B9BD-426E-A886-75784B22475F}.Release|Any CPU.Build.0 = Release|Any CPU
	EndGlobalSection
	GlobalSection(SolutionProperties) = preSolution
		HideSolutionNode = FALSE
	EndGlobalSection
EndGlobal
