
Microsoft Visual Studio Solution File, Format Version 12.00
# Visual Studio 15
VisualStudioVersion = 15.0.26228.9
MinimumVisualStudioVersion = 10.0.40219.1
Project("{FAE04EC0-301F-11D3-BF4B-00C04F79EFBC}") = "HelloPowerOfTwo", "HelloPowerOfTwo\HelloPowerOfTwo.csproj", "{467CCAF3-61E7-46B4-8355-C47F8D822CCE}"
EndProject
Project("{FAE04EC0-301F-11D3-BF4B-00C04F79EFBC}") = "Common.Math", "Common.Math\Common.Math.csproj", "{5F445C46-562E-426E-AF4D-6EBC01876E59}"
EndProject
Global
	GlobalSection(SolutionConfigurationPlatforms) = preSolution
		Debug|Any CPU = Debug|Any CPU
		Release|Any CPU = Release|Any CPU
	EndGlobalSection
	GlobalSection(ProjectConfigurationPlatforms) = postSolution
		{467CCAF3-61E7-46B4-8355-C47F8D822CCE}.Debug|Any CPU.ActiveCfg = Debug|Any CPU
		{467CCAF3-61E7-46B4-8355-C47F8D822CCE}.Debug|Any CPU.Build.0 = Debug|Any CPU
		{467CCAF3-61E7-46B4-8355-C47F8D822CCE}.Release|Any CPU.ActiveCfg = Release|Any CPU
		{467CCAF3-61E7-46B4-8355-C47F8D822CCE}.Release|Any CPU.Build.0 = Release|Any CPU
		{5F445C46-562E-426E-AF4D-6EBC01876E59}.Debug|Any CPU.ActiveCfg = Debug|Any CPU
		{5F445C46-562E-426E-AF4D-6EBC01876E59}.Debug|Any CPU.Build.0 = Debug|Any CPU
		{5F445C46-562E-426E-AF4D-6EBC01876E59}.Release|Any CPU.ActiveCfg = Release|Any CPU
		{5F445C46-562E-426E-AF4D-6EBC01876E59}.Release|Any CPU.Build.0 = Release|Any CPU
	EndGlobalSection
	GlobalSection(SolutionProperties) = preSolution
		HideSolutionNode = FALSE
	EndGlobalSection
EndGlobal
